
Microsoft Visual Studio Solution File, Format Version 12.00
# Visual Studio Version 16
VisualStudioVersion = 16.0.29728.190
MinimumVisualStudioVersion = 10.0.40219.1
Project("{FAE04EC0-301F-11D3-BF4B-00C04F79EFBC}") = "WarungKu", "WarungKu\WarungKu.csproj", "{16DC79A3-2770-4597-AA21-84A33C71B80C}"
EndProject
Global
	GlobalSection(SolutionConfigurationPlatforms) = preSolution
		Debug|Any CPU = Debug|Any CPU
		Release|Any CPU = Release|Any CPU
	EndGlobalSection
	GlobalSection(ProjectConfigurationPlatforms) = postSolution
		{16DC79A3-2770-4597-AA21-84A33C71B80C}.Debug|Any CPU.ActiveCfg = Debug|Any CPU
		{16DC79A3-2770-4597-AA21-84A33C71B80C}.Debug|Any CPU.Build.0 = Debug|Any CPU
		{16DC79A3-2770-4597-AA21-84A33C71B80C}.Release|Any CPU.ActiveCfg = Release|Any CPU
		{16DC79A3-2770-4597-AA21-84A33C71B80C}.Release|Any CPU.Build.0 = Release|Any CPU
	EndGlobalSection
	GlobalSection(SolutionProperties) = preSolution
		HideSolutionNode = FALSE
	EndGlobalSection
	GlobalSection(ExtensibilityGlobals) = postSolution
		SolutionGuid = {892D5EF0-32F7-40F2-A154-D7A387869096}
	EndGlobalSection
EndGlobal
